<?xml version="1.0" encoding="utf-8"?>
<Project ToolsVersion="4.0" xmlns="http://schemas.microsoft.com/developer/msbuild/2003">
  <ItemGroup>
    <Filter Include="소스 파일">
      <UniqueIdentifier>{4FC737F1-C7A5-4376-A066-2A32D752A2FF}</UniqueIdentifier>
      <Extensions>cpp;c;cc;cxx;def;odl;idl;hpj;bat;asm;asmx</Extensions>
    </Filter>
    <Filter Include="리소스 파일">
      <UniqueIdentifier>{67DA6AB6-F800-4c08-8B7A-83BB121AAD01}</UniqueIdentifier>
      <Extensions>rc;ico;cur;bmp;dlg;rc2;rct;bin;rgs;gif;jpg;jpeg;jpe;resx;tiff;tif;png;wav;mfcribbon-ms</Extensions>
    </Filter>
    <Filter Include="소스 파일\Camera">
      <UniqueIdentifier>{cc4d80db-5e85-401e-830a-e13ec075023a}</UniqueIdentifier>
    </Filter>
    <Filter Include="소스 파일\Scene">
      <UniqueIdentifier>{1ee1934f-acd7-4f6d-9750-b5c635fbb051}</UniqueIdentifier>
    </Filter>
    <Filter Include="소스 파일\GameFramework">
      <UniqueIdentifier>{d5c0f4c7-3e7e-4374-942d-e9f5a6eb3a1c}</UniqueIdentifier>
    </Filter>
    <Filter Include="소스 파일\GameObject">
      <UniqueIdentifier>{559b75a0-8a55-404b-8418-3de9f4d30913}</UniqueIdentifier>
    </Filter>
    <Filter Include="소스 파일\GameObject\Player">
      <UniqueIdentifier>{bc6402ca-61e1-4821-af86-05ea6b2e2cf0}</UniqueIdentifier>
    </Filter>
    <Filter Include="소스 파일\TextureLoader">
      <UniqueIdentifier>{58326236-b3b8-45f5-939b-412eb45a6b45}</UniqueIdentifier>
    </Filter>
    <Filter Include="소스 파일\TextureLoader\DDSTextureLoader">
      <UniqueIdentifier>{45fe3e42-919c-491c-b957-de3fe0789722}</UniqueIdentifier>
    </Filter>
    <Filter Include="소스 파일\TextureLoader\WICTextureLoader">
      <UniqueIdentifier>{a3ff1b80-2eae-4952-9898-d7214326cdf3}</UniqueIdentifier>
    </Filter>
    <Filter Include="소스 파일\GameTimer">
      <UniqueIdentifier>{21b5c85d-a45a-4886-b4e3-a139dea12aa1}</UniqueIdentifier>
    </Filter>
    <Filter Include="소스 파일\Mesh">
      <UniqueIdentifier>{b6799386-1d2c-448a-badd-d9c16e973c6e}</UniqueIdentifier>
    </Filter>
    <Filter Include="소스 파일\Stdafx">
      <UniqueIdentifier>{eae2851d-43f1-41ab-8b25-be2f1db24196}</UniqueIdentifier>
    </Filter>
    <Filter Include="소스 파일\Default">
      <UniqueIdentifier>{d66281fb-fe31-4474-81fa-d08e3df4fe1f}</UniqueIdentifier>
    </Filter>
    <Filter Include="소스 파일\Shader &amp; HLSL">
      <UniqueIdentifier>{04aec1fa-0538-45a7-8ee6-14455ff1c07f}</UniqueIdentifier>
    </Filter>
    <Filter Include="소스 파일\Shader &amp; HLSL\HLSL">
      <UniqueIdentifier>{36b47599-82d7-4284-8d51-1e6227439c0a}</UniqueIdentifier>
    </Filter>
    <Filter Include="소스 파일\Shader &amp; HLSL\Shader">
      <UniqueIdentifier>{782f1a8b-3273-4763-b0bb-60979ccaa5b8}</UniqueIdentifier>
    </Filter>
    <Filter Include="소스 파일\Main">
      <UniqueIdentifier>{0417d1ce-cb1a-44a3-887f-655508835573}</UniqueIdentifier>
    </Filter>
  </ItemGroup>
  <ItemGroup>
    <ClInclude Include="Camera.h">
      <Filter>소스 파일\Camera</Filter>
    </ClInclude>
    <ClInclude Include="d3dx12.h">
      <Filter>소스 파일\TextureLoader</Filter>
    </ClInclude>
    <ClInclude Include="DDSTextureLoader12.h">
      <Filter>소스 파일\TextureLoader\DDSTextureLoader</Filter>
    </ClInclude>
    <ClInclude Include="WICTextureLoader12.h">
      <Filter>소스 파일\TextureLoader\WICTextureLoader</Filter>
    </ClInclude>
    <ClInclude Include="GameFramework.h">
      <Filter>소스 파일\GameFramework</Filter>
    </ClInclude>
    <ClInclude Include="Player.h">
      <Filter>소스 파일\GameObject\Player</Filter>
    </ClInclude>
    <ClInclude Include="Scene.h">
      <Filter>소스 파일\Scene</Filter>
    </ClInclude>
    <ClInclude Include="Mesh.h">
      <Filter>소스 파일\Mesh</Filter>
    </ClInclude>
    <ClInclude Include="stdafx.h">
      <Filter>소스 파일\Stdafx</Filter>
    </ClInclude>
    <ClInclude Include="Resource.h">
      <Filter>소스 파일\Default</Filter>
    </ClInclude>
    <ClInclude Include="targetver.h">
      <Filter>소스 파일\Default</Filter>
    </ClInclude>
    <ClInclude Include="LabProject04-5.h">
      <Filter>소스 파일\Default</Filter>
    </ClInclude>
    <ClInclude Include="GameTimer.h">
      <Filter>소스 파일\GameTimer</Filter>
    </ClInclude>
    <ClInclude Include="GameObject.h">
      <Filter>소스 파일\GameObject</Filter>
    </ClInclude>
    <ClInclude Include="Shader.h">
      <Filter>소스 파일\Shader &amp; HLSL\Shader</Filter>
    </ClInclude>
  </ItemGroup>
  <ItemGroup>
    <ClCompile Include="Camera.cpp">
      <Filter>소스 파일\Camera</Filter>
    </ClCompile>
    <ClCompile Include="DDSTextureLoader12.cpp">
      <Filter>소스 파일\TextureLoader\DDSTextureLoader</Filter>
    </ClCompile>
    <ClCompile Include="WICTextureLoader12.cpp">
      <Filter>소스 파일\TextureLoader\WICTextureLoader</Filter>
    </ClCompile>
    <ClCompile Include="Scene.cpp">
      <Filter>소스 파일\Scene</Filter>
    </ClCompile>
    <ClCompile Include="GameFramework.cpp">
      <Filter>소스 파일\GameFramework</Filter>
    </ClCompile>
    <ClCompile Include="Player.cpp">
      <Filter>소스 파일\GameObject\Player</Filter>
    </ClCompile>
    <ClCompile Include="Mesh.cpp">
      <Filter>소스 파일\Mesh</Filter>
    </ClCompile>
    <ClCompile Include="stdafx.cpp">
      <Filter>소스 파일\Stdafx</Filter>
    </ClCompile>
    <ClCompile Include="GameTimer.cpp">
      <Filter>소스 파일\GameTimer</Filter>
    </ClCompile>
    <ClCompile Include="GameObject.cpp">
      <Filter>소스 파일\GameObject</Filter>
    </ClCompile>
    <ClCompile Include="Shader.cpp">
      <Filter>소스 파일\Shader &amp; HLSL\Shader</Filter>
    </ClCompile>
    <ClCompile Include="LabProject04-5.cpp">
      <Filter>소스 파일\Main</Filter>
    </ClCompile>
  </ItemGroup>
  <ItemGroup>
    <ResourceCompile Include="LabProject04-5.rc">
      <Filter>리소스 파일</Filter>
    </ResourceCompile>
  </ItemGroup>
  <ItemGroup>
    <Image Include="small.ico">
      <Filter>리소스 파일</Filter>
    </Image>
    <Image Include="LabProject04-5.ico">
      <Filter>리소스 파일</Filter>
    </Image>
  </ItemGroup>
  <ItemGroup>
    <FxCompile Include="Shaders.hlsl">
      <Filter>소스 파일\Shader &amp; HLSL\HLSL</Filter>
    </FxCompile>
  </ItemGroup>
</Project>