<?xml version="1.0" encoding="utf-8"?>
<Project ToolsVersion="4.0" xmlns="http://schemas.microsoft.com/developer/msbuild/2003">
  <ItemGroup>
    <Filter Include="Source">
      <UniqueIdentifier>{4FC737F1-C7A5-4376-A066-2A32D752A2FF}</UniqueIdentifier>
      <Extensions>cpp;c;cc;cxx;def;odl;idl;hpj;bat;asm;asmx</Extensions>
    </Filter>
    <Filter Include="Source\Mesh">
      <UniqueIdentifier>{2793e126-1da2-4720-a2d7-cf0eae179aea}</UniqueIdentifier>
    </Filter>
    <Filter Include="Source\Scene">
      <UniqueIdentifier>{2e52b17b-b033-4cf9-8a1b-431b491694ce}</UniqueIdentifier>
    </Filter>
    <Filter Include="Source\GameObject">
      <UniqueIdentifier>{bfa9d7d2-05cc-438c-8968-d3a151710940}</UniqueIdentifier>
    </Filter>
    <Filter Include="Source\GameTimer">
      <UniqueIdentifier>{ef295f7a-f21f-483f-b8c0-967b110054f2}</UniqueIdentifier>
    </Filter>
    <Filter Include="Source\Camera">
      <UniqueIdentifier>{d9a64458-ff62-4704-8ca6-7dc5b4e94847}</UniqueIdentifier>
    </Filter>
    <Filter Include="Source\GameObject\Player">
      <UniqueIdentifier>{6992daf2-d268-4d36-b01a-bfa16f7c795a}</UniqueIdentifier>
    </Filter>
    <Filter Include="Source\Shader &amp; HLSL">
      <UniqueIdentifier>{d08f4cec-079e-488b-9c67-c69ea16b14e1}</UniqueIdentifier>
    </Filter>
    <Filter Include="Source\Shader &amp; HLSL\HLSL">
      <UniqueIdentifier>{348114c6-7989-41b5-ab9b-917cf9caf1bf}</UniqueIdentifier>
    </Filter>
    <Filter Include="Source\Shader &amp; HLSL\Shader">
      <UniqueIdentifier>{94617412-64e2-4572-9551-e93f6eefb109}</UniqueIdentifier>
    </Filter>
    <Filter Include="Header">
      <UniqueIdentifier>{93995380-89BD-4b04-88EB-625FBE52EBFB}</UniqueIdentifier>
      <Extensions>h;hh;hpp;hxx;hm;inl;inc;ipp;xsd</Extensions>
    </Filter>
    <Filter Include="Header\Default">
      <UniqueIdentifier>{bd518fc2-52d6-4d7f-a671-6dc900a3a907}</UniqueIdentifier>
    </Filter>
    <Filter Include="Resource">
      <UniqueIdentifier>{67DA6AB6-F800-4c08-8B7A-83BB121AAD01}</UniqueIdentifier>
      <Extensions>rc;ico;cur;bmp;dlg;rc2;rct;bin;rgs;gif;jpg;jpeg;jpe;resx;tiff;tif;png;wav;mfcribbon-ms</Extensions>
    </Filter>
    <Filter Include="Source\Animation">
      <UniqueIdentifier>{9cb5aa09-c334-4c5e-bbf0-4be29e5f6db7}</UniqueIdentifier>
    </Filter>
    <Filter Include="Source\Animation\AnimationSet">
      <UniqueIdentifier>{18916375-719f-4f3a-b699-2d98a90546f7}</UniqueIdentifier>
    </Filter>
    <Filter Include="Source\Animation\AnimationTrack">
      <UniqueIdentifier>{0f8e4c4e-dc08-4cf6-a9e6-29e3f3ca0a49}</UniqueIdentifier>
    </Filter>
    <Filter Include="Source\Animation\AnimationCallbackHandler">
      <UniqueIdentifier>{52697e7c-f8a1-4b63-8cef-f1950ed17399}</UniqueIdentifier>
    </Filter>
    <Filter Include="Source\Animation\AnimationController">
      <UniqueIdentifier>{89b3d190-6299-4cba-8a84-ef1a19494cc4}</UniqueIdentifier>
    </Filter>
    <Filter Include="Source\Material &amp; Texture">
      <UniqueIdentifier>{7647044b-e415-4d3b-bfd6-2bca5c6fa4e8}</UniqueIdentifier>
    </Filter>
    <Filter Include="Source\Material &amp; Texture\Material">
      <UniqueIdentifier>{c145b610-beae-4a7e-8f9c-933e5fb24525}</UniqueIdentifier>
    </Filter>
    <Filter Include="Source\Material &amp; Texture\Texture">
      <UniqueIdentifier>{4f6f3d96-e2a6-42dd-bbe4-627340679d7f}</UniqueIdentifier>
    </Filter>
    <Filter Include="Source\Material &amp; Texture\TextureLoader">
      <UniqueIdentifier>{a0d63a82-f54b-4ec5-af6c-4eb019556139}</UniqueIdentifier>
    </Filter>
    <Filter Include="Source\Material &amp; Texture\TextureLoader\DDS">
      <UniqueIdentifier>{b3a00ec1-a3ad-445b-9481-b695f923e8e5}</UniqueIdentifier>
    </Filter>
    <Filter Include="Source\Material &amp; Texture\TextureLoader\WIC">
      <UniqueIdentifier>{20d547e0-94ba-407d-b9c6-61001f8cc999}</UniqueIdentifier>
    </Filter>
    <Filter Include="Source\GameObject\SkyBox">
      <UniqueIdentifier>{f19b3ee3-264b-422e-936b-75cfa1698034}</UniqueIdentifier>
    </Filter>
    <Filter Include="Source\GameObject\SuperCobra">
      <UniqueIdentifier>{6dbd71d6-b531-4c27-9376-99363a2bfdf6}</UniqueIdentifier>
    </Filter>
    <Filter Include="Source\GameObject\Mi24">
      <UniqueIdentifier>{7ff4a88d-efba-4e27-948e-8adfe2e442e0}</UniqueIdentifier>
    </Filter>
    <Filter Include="Source\GameObject\GunShip">
      <UniqueIdentifier>{9f559b56-9e47-4630-91b0-dd8371eb10c7}</UniqueIdentifier>
    </Filter>
    <Filter Include="Source\GameObject\AngryBot">
      <UniqueIdentifier>{c8162760-a2e9-4e4b-b383-a21035f48f3f}</UniqueIdentifier>
    </Filter>
    <Filter Include="Source\GameObject\Terrain">
      <UniqueIdentifier>{1a9f1974-5e2e-46b2-b9f2-0768f457eae2}</UniqueIdentifier>
    </Filter>
    <Filter Include="Source\Shader &amp; HLSL\Shader\TerrainShader">
      <UniqueIdentifier>{71e8356b-8b1c-4c99-a5b9-b1d7538a99e8}</UniqueIdentifier>
    </Filter>
    <Filter Include="Source\Shader &amp; HLSL\Shader\SkyBoxShader">
      <UniqueIdentifier>{97dc150f-4d49-4ea2-83cd-5815685e75f6}</UniqueIdentifier>
    </Filter>
    <Filter Include="Source\Shader &amp; HLSL\Shader\StandardShader">
      <UniqueIdentifier>{1b1f0f57-efad-48b2-bfa3-1f1c453b4d82}</UniqueIdentifier>
    </Filter>
    <Filter Include="Source\Shader &amp; HLSL\Shader\StandardShader\ObjectsShader">
      <UniqueIdentifier>{644d0804-02de-47b9-974d-256458db02fd}</UniqueIdentifier>
    </Filter>
    <Filter Include="Source\Shader &amp; HLSL\Shader\StandardShader\PlayerShader">
      <UniqueIdentifier>{56011488-26f9-445c-a264-3356eb8bdd50}</UniqueIdentifier>
    </Filter>
    <Filter Include="Source\Shader &amp; HLSL\Shader\StandardShader\SkinnedAnimationShader">
      <UniqueIdentifier>{b084bf5d-83fd-475d-9fd5-3e1c515fd787}</UniqueIdentifier>
    </Filter>
    <Filter Include="Header\Stdafx">
      <UniqueIdentifier>{1df292fc-cf4b-47b6-98e5-d95e9c9c3e64}</UniqueIdentifier>
    </Filter>
    <Filter Include="Source\GameFramework">
      <UniqueIdentifier>{5f2c7f4b-8270-4bb2-b5f2-c8d71d21ba0e}</UniqueIdentifier>
    </Filter>
  </ItemGroup>
  <ItemGroup>
    <ClInclude Include="Scene.h">
      <Filter>Source\Scene</Filter>
    </ClInclude>
    <ClInclude Include="Shader.h">
      <Filter>Source\Shader &amp; HLSL\Shader</Filter>
    </ClInclude>
    <ClInclude Include="Camera.h">
      <Filter>Source\Camera</Filter>
    </ClInclude>
    <ClInclude Include="DDSTextureLoader12.h">
      <Filter>Source\Material &amp; Texture\TextureLoader\DDS</Filter>
    </ClInclude>
    <ClInclude Include="WICTextureLoader12.h">
      <Filter>Source\Material &amp; Texture\TextureLoader\WIC</Filter>
    </ClInclude>
    <ClInclude Include="stdafx.h">
      <Filter>Header\Stdafx</Filter>
    </ClInclude>
    <ClInclude Include="Player.h">
      <Filter>Source\GameObject\Player</Filter>
    </ClInclude>
    <ClInclude Include="Mesh.h">
      <Filter>Source\Mesh</Filter>
    </ClInclude>
    <ClInclude Include="GameFramework.h">
      <Filter>Source\GameFramework</Filter>
    </ClInclude>
    <ClInclude Include="GameTimer.h">
      <Filter>Source\GameTimer</Filter>
    </ClInclude>
    <ClInclude Include="GameObject.h">
      <Filter>Source\GameObject</Filter>
    </ClInclude>
    <ClInclude Include="targetver.h">
      <Filter>Header\Default</Filter>
    </ClInclude>
    <ClInclude Include="LabProject07-9-5(Animation).h">
      <Filter>Header\Default</Filter>
    </ClInclude>
    <ClInclude Include="Resource.h">
      <Filter>Header\Default</Filter>
    </ClInclude>
    <ClInclude Include="AnimationSet.h">
      <Filter>Source\Animation\AnimationSet</Filter>
    </ClInclude>
    <ClInclude Include="AnimationCallbackHandler.h">
      <Filter>Source\Animation\AnimationCallbackHandler</Filter>
    </ClInclude>
    <ClInclude Include="AnimationTrack.h">
      <Filter>Source\Animation\AnimationTrack</Filter>
    </ClInclude>
    <ClInclude Include="AnimationController.h">
      <Filter>Source\Animation\AnimationController</Filter>
    </ClInclude>
    <ClInclude Include="Material.h">
      <Filter>Source\Material &amp; Texture\Material</Filter>
    </ClInclude>
    <ClInclude Include="Texture.h">
      <Filter>Source\Material &amp; Texture\Texture</Filter>
    </ClInclude>
    <ClInclude Include="SkyBox.h">
      <Filter>Source\GameObject\SkyBox</Filter>
    </ClInclude>
    <ClInclude Include="GunShip.h">
      <Filter>Source\GameObject\GunShip</Filter>
    </ClInclude>
    <ClInclude Include="Mi24.h">
      <Filter>Source\GameObject\Mi24</Filter>
    </ClInclude>
    <ClInclude Include="SuperCobra.h">
      <Filter>Source\GameObject\SuperCobra</Filter>
    </ClInclude>
    <ClInclude Include="AngryBot.h">
      <Filter>Source\GameObject\AngryBot</Filter>
    </ClInclude>
    <ClInclude Include="Terrain.h">
      <Filter>Source\GameObject\Terrain</Filter>
    </ClInclude>
    <ClInclude Include="SkyBoxShader.h">
      <Filter>Source\Shader &amp; HLSL\Shader\SkyBoxShader</Filter>
    </ClInclude>
    <ClInclude Include="TerrainShader.h">
      <Filter>Source\Shader &amp; HLSL\Shader\TerrainShader</Filter>
    </ClInclude>
    <ClInclude Include="ObjectsShader.h">
      <Filter>Source\Shader &amp; HLSL\Shader\StandardShader\ObjectsShader</Filter>
    </ClInclude>
    <ClInclude Include="SkinnedAnimationShader.h">
      <Filter>Source\Shader &amp; HLSL\Shader\StandardShader\SkinnedAnimationShader</Filter>
    </ClInclude>
    <ClInclude Include="PlayerShader.h">
      <Filter>Source\Shader &amp; HLSL\Shader\StandardShader\PlayerShader</Filter>
    </ClInclude>
    <ClInclude Include="StandardShader.h">
      <Filter>Source\Shader &amp; HLSL\Shader\StandardShader</Filter>
    </ClInclude>
  </ItemGroup>
  <ItemGroup>
    <ClCompile Include="LabProject07-9-5(Animation).cpp">
      <Filter>Source</Filter>
    </ClCompile>
    <ClCompile Include="Camera.cpp">
      <Filter>Source\Camera</Filter>
    </ClCompile>
    <ClCompile Include="stdafx.cpp">
      <Filter>Header\Stdafx</Filter>
    </ClCompile>
    <ClCompile Include="Mesh.cpp">
      <Filter>Source\Mesh</Filter>
    </ClCompile>
    <ClCompile Include="Player.cpp">
      <Filter>Source\GameObject\Player</Filter>
    </ClCompile>
    <ClCompile Include="GameFramework.cpp">
      <Filter>Source\GameFramework</Filter>
    </ClCompile>
    <ClCompile Include="Shader.cpp">
      <Filter>Source\Shader &amp; HLSL\Shader</Filter>
    </ClCompile>
    <ClCompile Include="Scene.cpp">
      <Filter>Source\Scene</Filter>
    </ClCompile>
    <ClCompile Include="DDSTextureLoader12.cpp">
      <Filter>Source\Material &amp; Texture\TextureLoader\DDS</Filter>
    </ClCompile>
    <ClCompile Include="WICTextureLoader12.cpp">
      <Filter>Source\Material &amp; Texture\TextureLoader\WIC</Filter>
    </ClCompile>
    <ClCompile Include="GameTimer.cpp">
      <Filter>Source\GameTimer</Filter>
    </ClCompile>
    <ClCompile Include="GameObject.cpp">
      <Filter>Source\GameObject</Filter>
    </ClCompile>
    <ClCompile Include="AnimationCallbackHandler.cpp">
      <Filter>Source\Animation\AnimationCallbackHandler</Filter>
    </ClCompile>
    <ClCompile Include="AnimationController.cpp">
      <Filter>Source\Animation\AnimationController</Filter>
    </ClCompile>
    <ClCompile Include="AnimationTrack.cpp">
      <Filter>Source\Animation\AnimationTrack</Filter>
    </ClCompile>
    <ClCompile Include="AnimationSet.cpp">
      <Filter>Source\Animation\AnimationSet</Filter>
    </ClCompile>
    <ClCompile Include="Material.cpp">
      <Filter>Source\Material &amp; Texture\Material</Filter>
    </ClCompile>
    <ClCompile Include="Texture.cpp">
      <Filter>Source\Material &amp; Texture\Texture</Filter>
    </ClCompile>
    <ClCompile Include="SkyBox.cpp">
      <Filter>Source\GameObject\SkyBox</Filter>
    </ClCompile>
    <ClCompile Include="SuperCobra.cpp">
      <Filter>Source\GameObject\SuperCobra</Filter>
    </ClCompile>
    <ClCompile Include="GunShip.cpp">
      <Filter>Source\GameObject\GunShip</Filter>
    </ClCompile>
    <ClCompile Include="Mi24.cpp">
      <Filter>Source\GameObject\Mi24</Filter>
    </ClCompile>
    <ClCompile Include="AngryBot.cpp">
      <Filter>Source\GameObject\AngryBot</Filter>
    </ClCompile>
    <ClCompile Include="Terrain.cpp">
      <Filter>Source\GameObject\Terrain</Filter>
    </ClCompile>
    <ClCompile Include="SkyBoxShader.cpp">
      <Filter>Source\Shader &amp; HLSL\Shader\SkyBoxShader</Filter>
    </ClCompile>
    <ClCompile Include="TerrainShader.cpp">
      <Filter>Source\Shader &amp; HLSL\Shader\TerrainShader</Filter>
    </ClCompile>
    <ClCompile Include="StandardShader.cpp">
      <Filter>Source\Shader &amp; HLSL\Shader\StandardShader</Filter>
    </ClCompile>
    <ClCompile Include="SkinnedAnimationShader.cpp">
      <Filter>Source\Shader &amp; HLSL\Shader\StandardShader\SkinnedAnimationShader</Filter>
    </ClCompile>
    <ClCompile Include="PlayerShader.cpp">
      <Filter>Source\Shader &amp; HLSL\Shader\StandardShader\PlayerShader</Filter>
    </ClCompile>
    <ClCompile Include="ObjectsShader.cpp">
      <Filter>Source\Shader &amp; HLSL\Shader\StandardShader\ObjectsShader</Filter>
    </ClCompile>
  </ItemGroup>
  <ItemGroup>
    <ResourceCompile Include="LabProject07-9-5(Animation).rc">
      <Filter>Resource</Filter>
    </ResourceCompile>
  </ItemGroup>
  <ItemGroup>
    <Image Include="small.ico">
      <Filter>Resource</Filter>
    </Image>
    <Image Include="LabProject07-9-5(Animation).ico">
      <Filter>Resource</Filter>
    </Image>
  </ItemGroup>
  <ItemGroup>
    <FxCompile Include="Light.hlsl">
      <Filter>Source\Shader &amp; HLSL\HLSL</Filter>
    </FxCompile>
    <FxCompile Include="Shaders.hlsl">
      <Filter>Source\Shader &amp; HLSL\HLSL</Filter>
    </FxCompile>
  </ItemGroup>
</Project>