<?xml version="1.0" encoding="utf-8"?>
<Project ToolsVersion="4.0" xmlns="http://schemas.microsoft.com/developer/msbuild/2003">
  <ItemGroup>
    <Filter Include="소스 파일">
      <UniqueIdentifier>{4FC737F1-C7A5-4376-A066-2A32D752A2FF}</UniqueIdentifier>
      <Extensions>cpp;c;cc;cxx;def;odl;idl;hpj;bat;asm;asmx</Extensions>
    </Filter>
    <Filter Include="헤더 파일">
      <UniqueIdentifier>{93995380-89BD-4b04-88EB-625FBE52EBFB}</UniqueIdentifier>
      <Extensions>h;hh;hpp;hxx;hm;inl;inc;xsd</Extensions>
    </Filter>
    <Filter Include="리소스 파일">
      <UniqueIdentifier>{67DA6AB6-F800-4c08-8B7A-83BB121AAD01}</UniqueIdentifier>
      <Extensions>rc;ico;cur;bmp;dlg;rc2;rct;bin;rgs;gif;jpg;jpeg;jpe;resx;tiff;tif;png;wav;mfcribbon-ms</Extensions>
    </Filter>
    <Filter Include="소스 파일\SceneManager">
      <UniqueIdentifier>{7d2b0181-035c-4e2a-bd45-0f7d136e36da}</UniqueIdentifier>
    </Filter>
    <Filter Include="소스 파일\SceneManager\Scene">
      <UniqueIdentifier>{5de0fd07-4967-4d35-b3ed-e708d15b5054}</UniqueIdentifier>
    </Filter>
    <Filter Include="소스 파일\Network">
      <UniqueIdentifier>{9cfa9227-6ac6-4696-96f9-49ed2c2d3e01}</UniqueIdentifier>
    </Filter>
    <Filter Include="소스 파일\Game">
      <UniqueIdentifier>{28713c70-504f-4cb9-8f8a-c1846c281af4}</UniqueIdentifier>
    </Filter>
    <Filter Include="소스 파일\Game\ReadyRoom">
      <UniqueIdentifier>{41183709-c993-4377-aa8f-633227bc5ac0}</UniqueIdentifier>
    </Filter>
    <Filter Include="소스 파일\Game\InGame">
      <UniqueIdentifier>{fbbdf299-02de-4b20-b0ff-066b29abcbcc}</UniqueIdentifier>
    </Filter>
  </ItemGroup>
  <ItemGroup>
    <ClCompile Include="main.cpp">
      <Filter>소스 파일</Filter>
    </ClCompile>
    <ClCompile Include="SceneManager.cpp">
      <Filter>소스 파일\SceneManager</Filter>
    </ClCompile>
    <ClCompile Include="Network.cpp">
      <Filter>소스 파일\Network</Filter>
    </ClCompile>
    <ClCompile Include="ReadyRoom.cpp">
      <Filter>소스 파일\Game\ReadyRoom</Filter>
    </ClCompile>
    <ClCompile Include="InGame.cpp">
      <Filter>소스 파일\Game\InGame</Filter>
    </ClCompile>
  </ItemGroup>
  <ItemGroup>
    <ClInclude Include="MyDefine.h">
      <Filter>소스 파일</Filter>
    </ClInclude>
    <ClInclude Include="MyInclude.h">
      <Filter>소스 파일</Filter>
    </ClInclude>
    <ClInclude Include="Scene.h">
      <Filter>소스 파일\SceneManager\Scene</Filter>
    </ClInclude>
    <ClInclude Include="SceneManager.h">
      <Filter>소스 파일\SceneManager</Filter>
    </ClInclude>
    <ClInclude Include="Network.h">
      <Filter>소스 파일\Network</Filter>
    </ClInclude>
    <ClInclude Include="ReadyRoom.h">
      <Filter>소스 파일\Game\ReadyRoom</Filter>
    </ClInclude>
    <ClInclude Include="InGame.h">
      <Filter>소스 파일\Game\InGame</Filter>
    </ClInclude>
  </ItemGroup>
</Project>