<?xml version="1.0" encoding="utf-8"?>
<Project ToolsVersion="4.0" xmlns="http://schemas.microsoft.com/developer/msbuild/2003">
  <ItemGroup>
    <FxCompile Include="..\Code\Shader\HLSL\Light.hlsl">
      <Filter>Code\Shader\HLSL</Filter>
    </FxCompile>
    <FxCompile Include="..\Code\Shader\HLSL\Shaders.hlsl">
      <Filter>Code\Shader\HLSL</Filter>
    </FxCompile>
    <FxCompile Include="..\Code\Shader\HLSL\UI.hlsl">
      <Filter>Code\Shader\HLSL</Filter>
    </FxCompile>
    <FxCompile Include="..\Code\Shader\HLSL\Cartoon.hlsl">
      <Filter>Code\Shader\HLSL</Filter>
    </FxCompile>
    <FxCompile Include="..\Code\Shader\HLSL\Sobel.hlsl">
      <Filter>Code\Shader\HLSL</Filter>
    </FxCompile>
  </ItemGroup>
  <ItemGroup>
    <ClCompile Include="..\Code\Camera\Camera.cpp">
      <Filter>Code\Camera</Filter>
    </ClCompile>
    <ClCompile Include="..\Code\Mesh\BillboardMesh\BillboardMesh.cpp">
      <Filter>Code\Mesh\BillboardMesh</Filter>
    </ClCompile>
    <ClCompile Include="..\Code\Shader\BillboardShader\BillboardShader.cpp">
      <Filter>Code\Shader\BillboardShader</Filter>
    </ClCompile>
    <ClCompile Include="..\Code\GameObject\GameObject.cpp">
      <Filter>Code\GameObject</Filter>
    </ClCompile>
    <ClCompile Include="..\Code\GameFramework\GameFramework.cpp">
      <Filter>Code\GameFrameWork</Filter>
    </ClCompile>
    <ClCompile Include="..\Code\GameTimer\GameTimer.cpp">
      <Filter>Code\GameTimer</Filter>
    </ClCompile>
    <ClCompile Include="..\Code\GameObject\Billboard\Billboard.cpp">
      <Filter>Code\GameObject\Billboard</Filter>
    </ClCompile>
    <ClCompile Include="..\Code\Cube\Cube.cpp">
      <Filter>Code\Cube</Filter>
    </ClCompile>
    <ClCompile Include="..\Code\DirectX12\DDSTextureLoader\DDSTextureLoader12.cpp">
      <Filter>Code\DirectX12\DDSTextureLoader</Filter>
    </ClCompile>
    <ClCompile Include="..\Code\GameObject\EvilBear\EvilBear.cpp">
      <Filter>Code\GameObject\EvilBear</Filter>
    </ClCompile>
    <ClCompile Include="..\Code\GameObject\Item\Item.cpp">
      <Filter>Code\GameObject\Item</Filter>
    </ClCompile>
    <ClCompile Include="..\Code\Mesh\Mesh.cpp">
      <Filter>Code\Mesh</Filter>
    </ClCompile>
    <ClCompile Include="..\Code\Material\Material.cpp">
      <Filter>Code\Material</Filter>
    </ClCompile>
    <ClCompile Include="..\Code\GameObject\SkyBox\SkyBox.cpp">
      <Filter>Code\GameObject\SkyBox</Filter>
    </ClCompile>
    <ClCompile Include="..\Code\Stdafx\Stdafx.cpp">
      <Filter>Code\Stdafx</Filter>
    </ClCompile>
    <ClCompile Include="..\Code\Shader\Shader.cpp">
      <Filter>Code\Shader</Filter>
    </ClCompile>
    <ClCompile Include="..\Code\DirectX12\WICTextureLoader\WICTextureLoader12.cpp">
      <Filter>Code\DirectX12\WICTextureLoader</Filter>
    </ClCompile>
    <ClCompile Include="..\Code\Shader\BillboardShader\UIShader\UIShader.cpp">
      <Filter>Code\Shader\BillboardShader\UIShader</Filter>
    </ClCompile>
    <ClCompile Include="..\Code\Shader\BillboardShader\SnowShader\SnowShader.cpp">
      <Filter>Code\Shader\BillboardShader\SnowShader</Filter>
    </ClCompile>
    <ClCompile Include="..\Code\ShaderManager\ShaderManager.cpp">
      <Filter>Code\ShaderManager</Filter>
    </ClCompile>
    <ClCompile Include="..\Code\Shader\BillboardShader\LampParticleShader\LampParticleShader.cpp">
      <Filter>Code\Shader\BillboardShader\LampParticleShader</Filter>
    </ClCompile>
    <ClCompile Include="..\Code\Scene\Scene.cpp">
      <Filter>Code\Scene</Filter>
    </ClCompile>
    <ClCompile Include="..\Code\Texture\Texture.cpp">
      <Filter>Code\Texture</Filter>
    </ClCompile>
    <ClCompile Include="..\Code\Shader\SkyBoxShader\SkyBoxShader.cpp">
      <Filter>Code\Shader\SkyBoxShader</Filter>
    </ClCompile>
    <ClCompile Include="..\Code\Shader\TerrainShader\TerrainShader.cpp">
      <Filter>Code\Shader\TerrainShader</Filter>
    </ClCompile>
    <ClCompile Include="..\Code\Shader\StandardShader\StandardShader.cpp">
      <Filter>Code\Shader\StandardShader</Filter>
    </ClCompile>
    <ClCompile Include="..\Code\ResourceManager\ResourceManager.cpp">
      <Filter>Code\ResourceManager</Filter>
    </ClCompile>
    <ClCompile Include="..\Code\Shader\StandardShader\ItemShader\ItemShader.cpp">
      <Filter>Code\Shader\StandardShader\ItemShader</Filter>
    </ClCompile>
    <ClCompile Include="..\Code\GameObject\Billboard\LampParticle\LampParticle.cpp">
      <Filter>Code\GameObject\Billboard\LampParticle</Filter>
    </ClCompile>
    <ClCompile Include="..\Code\GameObject\Billboard\Snow\Snow.cpp">
      <Filter>Code\GameObject\Billboard\Snow</Filter>
    </ClCompile>
    <ClCompile Include="..\Code\GameObject\Terrain\Terrain.cpp">
      <Filter>Code\GameObject\Terrain</Filter>
    </ClCompile>
    <ClCompile Include="..\Code\GameObject\Billboard\UI\UI.cpp">
      <Filter>Code\GameObject\Billboard\UI</Filter>
    </ClCompile>
    <ClCompile Include="..\Code\GameObject\Surrounding\Surrounding.cpp">
      <Filter>Code\GameObject\Surrounding</Filter>
    </ClCompile>
    <ClCompile Include="..\Code\GameObject\Player\Player.cpp">
      <Filter>Code\GameObject\Player</Filter>
    </ClCompile>
    <ClCompile Include="..\Code\FreezeBomb.cpp">
      <Filter>Code</Filter>
    </ClCompile>
    <ClCompile Include="..\Code\Shader\BillboardShader\UIShader\ItemUIShader\ItemUIShader.cpp">
      <Filter>Code\Shader\BillboardShader\UIShader\ItemUIShader</Filter>
    </ClCompile>
    <ClCompile Include="..\Code\Shader\BillboardShader\UIShader\TimerUIShader\TimerUIShader.cpp">
      <Filter>Code\Shader\BillboardShader\UIShader\TimerUIShader</Filter>
    </ClCompile>
    <ClCompile Include="..\Code\Shader\PostProcessShader\ComputeShader\ComputeShader.cpp">
      <Filter>Code\Shader\ComputeShader</Filter>
    </ClCompile>
    <ClCompile Include="..\Code\Shader\PostProcessShader\CartoonShader\SobelCartoonShader.cpp">
      <Filter>Code\Shader\ComputeShader\SobelCartoonShader</Filter>
    </ClCompile>
    <ClCompile Include="..\Code\GameObject\Shadow\Shadow.cpp">
      <Filter>Code\GameObject\Shadow</Filter>
    </ClCompile>
    <ClCompile Include="..\Code\GameObject\Foliage\Foliage.cpp">
      <Filter>Code\GameObject\Foliage</Filter>
    </ClCompile>
    <ClCompile Include="..\Code\Shader\StandardShader\MapToolShader\MapToolShader.cpp">
      <Filter>Code\Shader\StandardShader\MapToolShader</Filter>
    </ClCompile>
    <ClCompile Include="..\Code\Shader\StandardShader\MapObjectShader\MapObjectShader.cpp">
      <Filter>Code\Shader\StandardShader\MapObjectShader</Filter>
    </ClCompile>
    <ClCompile Include="..\Code\SoundSystem\SoundSystem.cpp">
      <Filter>Code\SoundSystem</Filter>
    </ClCompile>
    <ClCompile Include="..\Code\Mesh\LODMesh\LODMesh.cpp">
      <Filter>Code\Mesh\LODMesh</Filter>
    </ClCompile>
    <ClCompile Include="..\Code\Shader\StandardShader\SkinnedAnimationShader\SkinnedAnimationObjectShader\SkinnedAnimationObjectShader.cpp">
      <Filter>Code\Shader\StandardShader\SkinnedAnimationShader\SkinnedAnimationObjectShader</Filter>
    </ClCompile>
    <ClCompile Include="..\Code\Shader\StandardShader\FoliageShader\FoliageShader.cpp">
      <Filter>Code\Shader\StandardShader\FoliageShader</Filter>
    </ClCompile>
    <ClCompile Include="..\Code\GameObject\Billboard\Bomb\Bomb.cpp">
      <Filter>Code\GameObject\Billboard\Bomb</Filter>
    </ClCompile>
    <ClCompile Include="..\Code\Shader\BillboardShader\BombParticleShader\BombParticleShader.cpp">
      <Filter>Code\Shader\BillboardShader\BombParticleShader</Filter>
    </ClCompile>
    <ClCompile Include="..\Code\Scene\LoadingScene\LoadingScene.cpp">
      <Filter>Code\Scene\LoadingScene</Filter>
    </ClCompile>
    <ClCompile Include="..\Code\Shader\BillboardShader\UIShader\LoadingShader\LoadingShader.cpp">
      <Filter>Code\Shader\BillboardShader\UIShader\LoadingShader</Filter>
    </ClCompile>
    <ClCompile Include="..\Code\FrameTransform\FrameTransform.cpp">
      <Filter>Code\FrameTransform</Filter>
    </ClCompile>
    <ClCompile Include="..\Code\Shader\StandardShader\SkinnedAnimationShader\SkinnedAnimationShader.cpp">
      <Filter>Code\Shader\StandardShader\SkinnedAnimationShader</Filter>
    </ClCompile>
    <ClCompile Include="..\Code\GameObject\CubeParticle\CubeParticle.cpp">
      <Filter>Code\GameObject\CubeParticle</Filter>
    </ClCompile>
    <ClCompile Include="..\Code\Shader\CubeParticleShader\CubeParticleShader.cpp">
      <Filter>Code\Shader\CubeParticleShader</Filter>
    </ClCompile>
    <ClCompile Include="..\Code\Shader\BillboardShader\UIShader\ProgressBarUIShader\ProgressBarUIShader.cpp">
      <Filter>Code\Shader\BillboardShader\UIShader\ProgressBarUIShader</Filter>
    </ClCompile>
    <ClCompile Include="..\Code\Chatting\Chatting.cpp">
      <Filter>Code\ChattingSystem</Filter>
    </ClCompile>
    <ClCompile Include="..\Code\Scene\LobbyScene\LobbyScene.cpp">
      <Filter>Code\Scene\LobbyScene</Filter>
    </ClCompile>
    <ClCompile Include="..\Code\Network\Network.cpp">
      <Filter>Code\Network</Filter>
    </ClCompile>
    <ClCompile Include="..\Code\Shader\BillboardShader\UIShader\CharacterSelectUIShader\CharacterSelectUIShader.cpp">
      <Filter>Code\Shader\BillboardShader\UIShader\ChracterSelectShader</Filter>
    </ClCompile>
    <ClCompile Include="..\Code\Physics\Physics.cpp">
      <Filter>Code\Physics</Filter>
    </ClCompile>
    <ClCompile Include="..\Code\Shader\BillboardShader\UIShader\MenuUIShader\MenuUIShader.cpp">
      <Filter>Code\Shader\BillboardShader\UIShader\MenuUIShader</Filter>
    </ClCompile>
  </ItemGroup>
  <ItemGroup>
    <ClInclude Include="..\Code\Camera\Camera.h">
      <Filter>Code\Camera</Filter>
    </ClInclude>
    <ClInclude Include="..\Code\Mesh\BillboardMesh\BillboardMesh.h">
      <Filter>Code\Mesh\BillboardMesh</Filter>
    </ClInclude>
    <ClInclude Include="..\Code\Shader\BillboardShader\BillboardShader.h">
      <Filter>Code\Shader\BillboardShader</Filter>
    </ClInclude>
    <ClInclude Include="..\Code\GameObject\GameObject.h">
      <Filter>Code\GameObject</Filter>
    </ClInclude>
    <ClInclude Include="..\Code\GameFramework\GameFramework.h">
      <Filter>Code\GameFrameWork</Filter>
    </ClInclude>
    <ClInclude Include="..\Code\GameTimer\GameTimer.h">
      <Filter>Code\GameTimer</Filter>
    </ClInclude>
    <ClInclude Include="..\Code\GameObject\Billboard\Billboard.h">
      <Filter>Code\GameObject\Billboard</Filter>
    </ClInclude>
    <ClInclude Include="..\Code\Cube\Cube.h">
      <Filter>Code\Cube</Filter>
    </ClInclude>
    <ClInclude Include="..\Code\DirectX12\d3dx12.h">
      <Filter>Code\DirectX12</Filter>
    </ClInclude>
    <ClInclude Include="..\Code\DirectX12\DDSTextureLoader\DDSTextureLoader12.h">
      <Filter>Code\DirectX12\DDSTextureLoader</Filter>
    </ClInclude>
    <ClInclude Include="..\Code\GameObject\Item\Item.h">
      <Filter>Code\GameObject\Item</Filter>
    </ClInclude>
    <ClInclude Include="..\Code\Mesh\Mesh.h">
      <Filter>Code\Mesh</Filter>
    </ClInclude>
    <ClInclude Include="..\Code\Material\Material.h">
      <Filter>Code\Material</Filter>
    </ClInclude>
    <ClInclude Include="..\Code\GameObject\SkyBox\SkyBox.h">
      <Filter>Code\GameObject\SkyBox</Filter>
    </ClInclude>
    <ClInclude Include="..\Code\Stdafx\Stdafx.h">
      <Filter>Code\Stdafx</Filter>
    </ClInclude>
    <ClInclude Include="..\Code\DirectX12\WICTextureLoader\WICTextureLoader12.h">
      <Filter>Code\DirectX12\WICTextureLoader</Filter>
    </ClInclude>
    <ClInclude Include="..\Code\Shader\BillboardShader\UIShader\UIShader.h">
      <Filter>Code\Shader\BillboardShader\UIShader</Filter>
    </ClInclude>
    <ClInclude Include="..\Code\Shader\BillboardShader\SnowShader\SnowShader.h">
      <Filter>Code\Shader\BillboardShader\SnowShader</Filter>
    </ClInclude>
    <ClInclude Include="..\Code\ShaderManager\ShaderManager.h">
      <Filter>Code\ShaderManager</Filter>
    </ClInclude>
    <ClInclude Include="..\Code\Shader\BillboardShader\LampParticleShader\LampParticleShader.h">
      <Filter>Code\Shader\BillboardShader\LampParticleShader</Filter>
    </ClInclude>
    <ClInclude Include="..\Code\Scene\Scene.h">
      <Filter>Code\Scene</Filter>
    </ClInclude>
    <ClInclude Include="..\Code\Texture\Texture.h">
      <Filter>Code\Texture</Filter>
    </ClInclude>
    <ClInclude Include="..\Code\Shader\SkyBoxShader\SkyBoxShader.h">
      <Filter>Code\Shader\SkyBoxShader</Filter>
    </ClInclude>
    <ClInclude Include="..\Code\Shader\TerrainShader\TerrainShader.h">
      <Filter>Code\Shader\TerrainShader</Filter>
    </ClInclude>
    <ClInclude Include="..\Code\Shader\StandardShader\StandardShader.h">
      <Filter>Code\Shader\StandardShader</Filter>
    </ClInclude>
    <ClInclude Include="..\Code\ResourceManager\ResourceManager.h">
      <Filter>Code\ResourceManager</Filter>
    </ClInclude>
    <ClInclude Include="..\Code\Shader\StandardShader\ItemShader\ItemShader.h">
      <Filter>Code\Shader\StandardShader\ItemShader</Filter>
    </ClInclude>
    <ClInclude Include="..\Code\GameObject\Billboard\LampParticle\LampParticle.h">
      <Filter>Code\GameObject\Billboard\LampParticle</Filter>
    </ClInclude>
    <ClInclude Include="..\Code\GameObject\Billboard\Snow\Snow.h">
      <Filter>Code\GameObject\Billboard\Snow</Filter>
    </ClInclude>
    <ClInclude Include="..\Code\GameObject\Terrain\Terrain.h">
      <Filter>Code\GameObject\Terrain</Filter>
    </ClInclude>
    <ClInclude Include="..\Code\GameObject\Billboard\UI\UI.h">
      <Filter>Code\GameObject\Billboard\UI</Filter>
    </ClInclude>
    <ClInclude Include="..\Code\GameObject\Surrounding\Surrounding.h">
      <Filter>Code\GameObject\Surrounding</Filter>
    </ClInclude>
    <ClInclude Include="..\Code\GameObject\Player\Player.h">
      <Filter>Code\GameObject\Player</Filter>
    </ClInclude>
    <ClInclude Include="..\Code\Shader\Shader.h">
      <Filter>Code\Shader</Filter>
    </ClInclude>
    <ClInclude Include="..\Code\Shader\BillboardShader\UIShader\ItemUIShader\ItemUIShader.h">
      <Filter>Code\Shader\BillboardShader\UIShader\ItemUIShader</Filter>
    </ClInclude>
    <ClInclude Include="..\Code\Shader\BillboardShader\UIShader\TimerUIShader\TimerUIShader.h">
      <Filter>Code\Shader\BillboardShader\UIShader\TimerUIShader</Filter>
    </ClInclude>
    <ClInclude Include="..\Code\Shader\PostProcessShader\ComputeShader\ComputeShader.h">
      <Filter>Code\Shader\ComputeShader</Filter>
    </ClInclude>
    <ClInclude Include="..\Code\Shader\PostProcessShader\CartoonShader\SobelCartoonShader.h">
      <Filter>Code\Shader\ComputeShader\SobelCartoonShader</Filter>
    </ClInclude>
    <ClInclude Include="..\Code\GameObject\Shadow\Shadow.h">
      <Filter>Code\GameObject\Shadow</Filter>
    </ClInclude>
    <ClInclude Include="..\Code\GameObject\Foliage\Foliage.h">
      <Filter>Code\GameObject\Foliage</Filter>
    </ClInclude>
    <ClInclude Include="..\Code\Shader\StandardShader\MapToolShader\MapToolShader.h">
      <Filter>Code\Shader\StandardShader\MapToolShader</Filter>
    </ClInclude>
    <ClInclude Include="..\Code\Shader\StandardShader\MapObjectShader\MapObjectShader.h">
      <Filter>Code\Shader\StandardShader\MapObjectShader</Filter>
    </ClInclude>
    <ClInclude Include="..\Code\SoundSystem\SoundSystem.h">
      <Filter>Code\SoundSystem</Filter>
    </ClInclude>
    <ClInclude Include="..\Code\Mesh\LODMesh\LODMesh.h.h">
      <Filter>Code\Mesh\LODMesh</Filter>
    </ClInclude>
    <ClInclude Include="..\Code\Shader\StandardShader\SkinnedAnimationShader\SkinnedAnimationShader.h">
      <Filter>Code\Shader\StandardShader\SkinnedAnimationShader</Filter>
    </ClInclude>
    <ClInclude Include="..\Code\Shader\StandardShader\SkinnedAnimationShader\SkinnedAnimationObjectShader\SkinnedAnimationObjectShader.h">
      <Filter>Code\Shader\StandardShader\SkinnedAnimationShader\SkinnedAnimationObjectShader</Filter>
    </ClInclude>
    <ClInclude Include="..\Code\Shader\StandardShader\FoliageShader\FoliageShader.h">
      <Filter>Code\Shader\StandardShader\FoliageShader</Filter>
    </ClInclude>
    <ClInclude Include="..\Code\GameObject\EvilBear\EvilBear.h">
      <Filter>Code\GameObject\EvilBear</Filter>
    </ClInclude>
    <ClInclude Include="..\Code\GameObject\Billboard\Bomb\Bomb.h">
      <Filter>Code\GameObject\Billboard\Bomb</Filter>
    </ClInclude>
    <ClInclude Include="..\Code\Shader\BillboardShader\BombParticleShader\BombParticleShader.h">
      <Filter>Code\Shader\BillboardShader\BombParticleShader</Filter>
    </ClInclude>
    <ClInclude Include="..\Code\Default\Resource.h">
      <Filter>Code\Default</Filter>
    </ClInclude>
    <ClInclude Include="..\Code\Default\targetver.h">
      <Filter>Code\Default</Filter>
    </ClInclude>
    <ClInclude Include="..\Code\Scene\LoadingScene\LoadingScene.h">
      <Filter>Code\Scene\LoadingScene</Filter>
    </ClInclude>
    <ClInclude Include="..\Code\Shader\BillboardShader\UIShader\LoadingShader\LoadingShader.h">
      <Filter>Code\Shader\BillboardShader\UIShader\LoadingShader</Filter>
    </ClInclude>
    <ClInclude Include="..\Code\FrameTransform\FrameTransform.h">
      <Filter>Code\FrameTransform</Filter>
    </ClInclude>
    <ClInclude Include="..\Code\GameObject\CubeParticle\CubeParticle.h">
      <Filter>Code\GameObject\CubeParticle</Filter>
    </ClInclude>
    <ClInclude Include="..\Code\Shader\CubeParticleShader\CubeParticleShader.h">
      <Filter>Code\Shader\CubeParticleShader</Filter>
    </ClInclude>
    <ClInclude Include="..\Code\Shader\BillboardShader\UIShader\ProgressBarUIShader\ProgressBarUIShader.h">
      <Filter>Code\Shader\BillboardShader\UIShader\ProgressBarUIShader</Filter>
    </ClInclude>
    <ClInclude Include="..\Code\Singleton\Singleton.h">
      <Filter>Code\Singleton</Filter>
    </ClInclude>
    <ClInclude Include="..\Code\Chatting\Chatting.h">
      <Filter>Code\ChattingSystem</Filter>
    </ClInclude>
    <ClInclude Include="..\Code\Stdafx\KeyDefine.h">
      <Filter>Code\Stdafx</Filter>
    </ClInclude>
    <ClInclude Include="..\Code\Scene\LobbyScene\LobbyScene.h">
      <Filter>Code\Scene\LobbyScene</Filter>
    </ClInclude>
    <ClInclude Include="..\Code\Network\Network.h">
      <Filter>Code\Network</Filter>
    </ClInclude>
    <ClInclude Include="..\Code\Shader\BillboardShader\UIShader\CharacterSelectUIShader\CharacterSelectUIShader.h">
      <Filter>Code\Shader\BillboardShader\UIShader\ChracterSelectShader</Filter>
    </ClInclude>
    <ClInclude Include="..\Code\Physics\Precision.h">
      <Filter>Code\Physics</Filter>
    </ClInclude>
    <ClInclude Include="..\Code\Physics\Physics.h">
      <Filter>Code\Physics</Filter>
    </ClInclude>
    <ClInclude Include="..\Code\Shader\BillboardShader\UIShader\MenuUIShader\MenuUIShader.h">
      <Filter>Code\Shader\BillboardShader\UIShader\MenuUIShader</Filter>
    </ClInclude>
  </ItemGroup>
  <ItemGroup>
    <Filter Include="Code">
      <UniqueIdentifier>{35396da8-bcb4-49bf-bd74-7989230c4092}</UniqueIdentifier>
    </Filter>
    <Filter Include="Code\GameFrameWork">
      <UniqueIdentifier>{f6ca074a-97bf-4580-897a-931681a8e1bd}</UniqueIdentifier>
    </Filter>
    <Filter Include="Code\Mesh">
      <UniqueIdentifier>{9b393e96-4417-4ae9-95e3-d6b8140d29ab}</UniqueIdentifier>
    </Filter>
    <Filter Include="Code\GameObject">
      <UniqueIdentifier>{ff3ffbeb-b73e-42d0-abd5-63e6fb0b490e}</UniqueIdentifier>
    </Filter>
    <Filter Include="Code\GameTimer">
      <UniqueIdentifier>{0f698cc3-d55c-416f-ade4-1cb3de7e1aa6}</UniqueIdentifier>
    </Filter>
    <Filter Include="Code\Camera">
      <UniqueIdentifier>{bdeedc2e-c569-4eb5-8857-c3f72611d594}</UniqueIdentifier>
    </Filter>
    <Filter Include="Code\Texture">
      <UniqueIdentifier>{2a99afa2-73c3-4697-bf5c-acc38b9baaa9}</UniqueIdentifier>
    </Filter>
    <Filter Include="Code\Material">
      <UniqueIdentifier>{802d8be0-9a44-46f9-ac3a-4b743b7f526e}</UniqueIdentifier>
    </Filter>
    <Filter Include="Code\ResourceManager">
      <UniqueIdentifier>{f5ace338-d81a-4fbd-88cb-c7ee30763f4a}</UniqueIdentifier>
    </Filter>
    <Filter Include="Code\ShaderManager">
      <UniqueIdentifier>{e616acf8-173d-42a0-937d-b6375ff68683}</UniqueIdentifier>
    </Filter>
    <Filter Include="Code\Stdafx">
      <UniqueIdentifier>{414e4748-1faa-44ba-a157-684aa1249c1b}</UniqueIdentifier>
    </Filter>
    <Filter Include="Code\Mesh\BillboardMesh">
      <UniqueIdentifier>{b65f6c1f-77c5-4622-a15f-08ca235ac91b}</UniqueIdentifier>
    </Filter>
    <Filter Include="Code\GameObject\Billboard">
      <UniqueIdentifier>{234a0edf-784c-4fc1-a4ce-e136a4adc187}</UniqueIdentifier>
    </Filter>
    <Filter Include="Code\Cube">
      <UniqueIdentifier>{501d02d4-206c-43b2-b870-17bac6187e03}</UniqueIdentifier>
    </Filter>
    <Filter Include="Code\GameObject\Item">
      <UniqueIdentifier>{12826b99-9b30-4d50-a5d9-2cfbcabbd9cc}</UniqueIdentifier>
    </Filter>
    <Filter Include="Code\GameObject\EvilBear">
      <UniqueIdentifier>{b40907f2-e041-44e0-a3d2-155b4d916981}</UniqueIdentifier>
    </Filter>
    <Filter Include="Code\GameObject\SkyBox">
      <UniqueIdentifier>{53ff65e5-b42f-4bb8-a19e-600db130c513}</UniqueIdentifier>
    </Filter>
    <Filter Include="Code\GameObject\Terrain">
      <UniqueIdentifier>{89ea758f-46ba-41ef-aa18-c2eb6e6f5309}</UniqueIdentifier>
    </Filter>
    <Filter Include="Code\GameObject\Player">
      <UniqueIdentifier>{300b68a8-2ba7-44de-add9-41298c785036}</UniqueIdentifier>
    </Filter>
    <Filter Include="Code\GameObject\Billboard\LampParticle">
      <UniqueIdentifier>{c1c3299a-20e1-4bf1-b2d9-5053dca22d2a}</UniqueIdentifier>
    </Filter>
    <Filter Include="Code\GameObject\Billboard\Snow">
      <UniqueIdentifier>{63a73495-a96b-43c7-9dc4-b400a53a5149}</UniqueIdentifier>
    </Filter>
    <Filter Include="Code\GameObject\Billboard\UI">
      <UniqueIdentifier>{85a40684-a6fc-40ce-978b-9ee30830f3bb}</UniqueIdentifier>
    </Filter>
    <Filter Include="Code\GameObject\Surrounding">
      <UniqueIdentifier>{67aaf2b2-9056-4a3f-8236-89eabc16faa0}</UniqueIdentifier>
    </Filter>
    <Filter Include="Code\GameObject\Shadow">
      <UniqueIdentifier>{a5710e34-5a27-49c6-b1aa-182e574c7056}</UniqueIdentifier>
    </Filter>
    <Filter Include="Code\GameObject\Foliage">
      <UniqueIdentifier>{679fdff2-ec13-47eb-992b-fa8b0ec1f024}</UniqueIdentifier>
    </Filter>
    <Filter Include="Code\SoundSystem">
      <UniqueIdentifier>{3a384a93-008a-4242-beb2-47d2c30978eb}</UniqueIdentifier>
    </Filter>
    <Filter Include="Code\Mesh\LODMesh">
      <UniqueIdentifier>{d5587de3-cb58-45ba-b592-d50c4cb87e61}</UniqueIdentifier>
    </Filter>
    <Filter Include="Code\Network">
      <UniqueIdentifier>{1b26d7f8-52f8-4a93-8f94-f19be495dabb}</UniqueIdentifier>
    </Filter>
    <Filter Include="Code\Scene">
      <UniqueIdentifier>{c250057d-c5e7-49f9-b7c7-8f7b2f6f8001}</UniqueIdentifier>
    </Filter>
    <Filter Include="Code\GameObject\Billboard\Bomb">
      <UniqueIdentifier>{be8f0a9a-9605-446c-97e9-f90e5d63342c}</UniqueIdentifier>
    </Filter>
    <Filter Include="Code\Default">
      <UniqueIdentifier>{4e9044f3-d610-4eeb-b2fa-e2fa633d2587}</UniqueIdentifier>
    </Filter>
    <Filter Include="Code\Scene\LoadingScene">
      <UniqueIdentifier>{adc21ef9-f82f-444f-9e45-a5653399517b}</UniqueIdentifier>
    </Filter>
    <Filter Include="Code\Shader">
      <UniqueIdentifier>{4c2abcee-71c6-4a06-9d12-6f7ddb1def36}</UniqueIdentifier>
    </Filter>
    <Filter Include="Code\Shader\StandardShader">
      <UniqueIdentifier>{9067a751-803d-4d43-9b26-cb5f01db8579}</UniqueIdentifier>
    </Filter>
    <Filter Include="Code\Shader\StandardShader\ItemShader">
      <UniqueIdentifier>{3cae2560-9d99-4883-be38-6283d8d14075}</UniqueIdentifier>
    </Filter>
    <Filter Include="Code\Shader\StandardShader\MapToolShader">
      <UniqueIdentifier>{70ac25c7-8d48-4f66-9307-6ea5d99560d1}</UniqueIdentifier>
    </Filter>
    <Filter Include="Code\Shader\StandardShader\MapObjectShader">
      <UniqueIdentifier>{8906eb79-67e6-4aa3-a1ba-122853d70ed8}</UniqueIdentifier>
    </Filter>
    <Filter Include="Code\Shader\StandardShader\SkinnedAnimationShader">
      <UniqueIdentifier>{5dd3635d-8da6-42ac-9f1c-3b362eb55a1f}</UniqueIdentifier>
    </Filter>
    <Filter Include="Code\Shader\StandardShader\SkinnedAnimationShader\SkinnedAnimationObjectShader">
      <UniqueIdentifier>{abf594bf-9a0e-46af-aef9-b9b86e3a28d8}</UniqueIdentifier>
    </Filter>
    <Filter Include="Code\Shader\StandardShader\FoliageShader">
      <UniqueIdentifier>{4a082e72-24b2-4ae0-ace0-edb616d1687c}</UniqueIdentifier>
    </Filter>
    <Filter Include="Code\Shader\TerrainShader">
      <UniqueIdentifier>{7b0a77e7-f670-4021-be2d-19b6c546ff01}</UniqueIdentifier>
    </Filter>
    <Filter Include="Code\Shader\SkyBoxShader">
      <UniqueIdentifier>{206cd247-0c57-47a1-9272-f985a023400b}</UniqueIdentifier>
    </Filter>
    <Filter Include="Code\Shader\HLSL">
      <UniqueIdentifier>{51cce8cf-6449-4981-a478-4463f2103d48}</UniqueIdentifier>
    </Filter>
    <Filter Include="Code\Shader\BillboardShader">
      <UniqueIdentifier>{5276bd61-7ba0-49dc-9a14-b6d5c75f953d}</UniqueIdentifier>
    </Filter>
    <Filter Include="Code\Shader\BillboardShader\LampParticleShader">
      <UniqueIdentifier>{4162547e-c4b4-47b4-ab35-601fbdaae69f}</UniqueIdentifier>
    </Filter>
    <Filter Include="Code\Shader\BillboardShader\SnowShader">
      <UniqueIdentifier>{dd45b974-450f-4ef2-b084-743ccd0a0011}</UniqueIdentifier>
    </Filter>
    <Filter Include="Code\Shader\BillboardShader\UIShader">
      <UniqueIdentifier>{f05f1214-142f-4808-82f0-7b7ef66ca09c}</UniqueIdentifier>
    </Filter>
    <Filter Include="Code\Shader\BillboardShader\UIShader\ItemUIShader">
      <UniqueIdentifier>{81aa17cb-ae31-4f59-a893-a603ac7c50ce}</UniqueIdentifier>
    </Filter>
    <Filter Include="Code\Shader\BillboardShader\UIShader\TimerUIShader">
      <UniqueIdentifier>{5b22cc38-0f6a-4296-a438-21d83d984888}</UniqueIdentifier>
    </Filter>
    <Filter Include="Code\Shader\BillboardShader\UIShader\LoadingShader">
      <UniqueIdentifier>{c1757b31-19a9-4371-8b8b-3ae603f3bdf3}</UniqueIdentifier>
    </Filter>
    <Filter Include="Code\Shader\BillboardShader\BombParticleShader">
      <UniqueIdentifier>{a5851b9a-9a01-4937-a5bc-0c659566a20d}</UniqueIdentifier>
    </Filter>
    <Filter Include="Code\Shader\CubeParticleShader">
      <UniqueIdentifier>{97e2bf61-6c0b-4c25-9297-79218a335fd4}</UniqueIdentifier>
    </Filter>
    <Filter Include="Code\Shader\ComputeShader">
      <UniqueIdentifier>{44a0d9bf-0fc4-4f5d-ade8-0f2b406642ef}</UniqueIdentifier>
    </Filter>
    <Filter Include="Code\Shader\ComputeShader\SobelCartoonShader">
      <UniqueIdentifier>{203a2fe4-ad37-41ff-8cd0-1bdfc5546cc7}</UniqueIdentifier>
    </Filter>
    <Filter Include="Code\FrameTransform">
      <UniqueIdentifier>{8cf04451-aeea-437c-b479-921fa2bec7eb}</UniqueIdentifier>
    </Filter>
    <Filter Include="Code\GameObject\CubeParticle">
      <UniqueIdentifier>{1c2f2d57-22a8-4531-b37d-8205227ab137}</UniqueIdentifier>
    </Filter>
    <Filter Include="Code\Shader\BillboardShader\UIShader\ProgressBarUIShader">
      <UniqueIdentifier>{de75bb0c-442c-4016-9eb0-18aa3a25971a}</UniqueIdentifier>
    </Filter>
    <Filter Include="Code\Singleton">
      <UniqueIdentifier>{6c6a43e4-2c2f-46ff-b85a-64c1441800aa}</UniqueIdentifier>
    </Filter>
    <Filter Include="Code\ChattingSystem">
      <UniqueIdentifier>{3bb79922-3f63-4722-bc7c-6ea27e3bd4f4}</UniqueIdentifier>
    </Filter>
    <Filter Include="Code\DirectX12">
      <UniqueIdentifier>{83129f93-d2d0-46f2-acd9-9316b54ccd11}</UniqueIdentifier>
    </Filter>
    <Filter Include="Code\DirectX12\DDSTextureLoader">
      <UniqueIdentifier>{f9fb39a4-20a1-4488-af68-d65bbd6b9603}</UniqueIdentifier>
    </Filter>
    <Filter Include="Code\DirectX12\WICTextureLoader">
      <UniqueIdentifier>{a1fd3b4d-15c3-4a27-96ea-41cbacdbd570}</UniqueIdentifier>
    </Filter>
    <Filter Include="Code\Shader\BillboardShader\UIShader\ChracterSelectShader">
      <UniqueIdentifier>{5a02d28b-93fc-44e4-8a0b-97237f26da3c}</UniqueIdentifier>
    </Filter>
    <Filter Include="Code\Scene\LobbyScene">
      <UniqueIdentifier>{a158c54f-b601-49cf-89b5-7a3850223cc8}</UniqueIdentifier>
    </Filter>
    <Filter Include="Code\Physics">
      <UniqueIdentifier>{9c229cc5-4e80-4172-81c7-3d29e249c726}</UniqueIdentifier>
    </Filter>
    <Filter Include="Code\Shader\BillboardShader\UIShader\MenuUIShader">
      <UniqueIdentifier>{455c3907-511f-4790-b0d1-7df24d4d523f}</UniqueIdentifier>
    </Filter>
  </ItemGroup>
  <ItemGroup>
    <Image Include="..\Code\Default\FreezeBomb.ico">
      <Filter>Code\Default</Filter>
    </Image>
    <Image Include="..\Code\Default\bear.ico">
      <Filter>Code\Default</Filter>
    </Image>
  </ItemGroup>
  <ItemGroup>
    <ResourceCompile Include="..\Code\Default\FreezeBomb.rc">
      <Filter>Code\Default</Filter>
    </ResourceCompile>
  </ItemGroup>
</Project>