<?xml version="1.0" encoding="utf-8"?>
<Project ToolsVersion="4.0" xmlns="http://schemas.microsoft.com/developer/msbuild/2003">
  <ItemGroup>
    <FxCompile Include="..\Code\Shader\HLSL\Light.hlsl">
      <Filter>Code\Shader\HLSL</Filter>
    </FxCompile>
    <FxCompile Include="..\Code\Shader\HLSL\Shaders.hlsl">
      <Filter>Code\Shader\HLSL</Filter>
    </FxCompile>
    <FxCompile Include="..\Code\Shader\HLSL\UI.hlsl">
      <Filter>Code\Shader\HLSL</Filter>
    </FxCompile>
    <FxCompile Include="..\Code\Shader\HLSL\Cartoon.hlsl">
      <Filter>Code\Shader\HLSL</Filter>
    </FxCompile>
    <FxCompile Include="..\Code\Shader\HLSL\Sobel.hlsl">
      <Filter>Code\Shader\HLSL</Filter>
    </FxCompile>
  </ItemGroup>
  <ItemGroup>
    <ClCompile Include="..\Code\Camera\Camera.cpp">
      <Filter>Code\Camera</Filter>
    </ClCompile>
    <ClCompile Include="..\Code\Mesh\BillboardMesh\BillboardMesh.cpp">
      <Filter>Code\Mesh\BillboardMesh</Filter>
    </ClCompile>
    <ClCompile Include="..\Code\Shader\BillboardShader\BillboardShader.cpp">
      <Filter>Code\Shader\BillboardShader</Filter>
    </ClCompile>
    <ClCompile Include="..\Code\GameObject\GameObject.cpp">
      <Filter>Code\GameObject</Filter>
    </ClCompile>
    <ClCompile Include="..\Code\GameFramework\GameFramework.cpp">
      <Filter>Code\GameFrameWork</Filter>
    </ClCompile>
    <ClCompile Include="..\Code\GameTimer\GameTimer.cpp">
      <Filter>Code\GameTimer</Filter>
    </ClCompile>
    <ClCompile Include="..\Code\GameObject\Billboard\Billboard.cpp">
      <Filter>Code\GameObject\Billboard</Filter>
    </ClCompile>
    <ClCompile Include="..\Code\Cube\Cube.cpp">
      <Filter>Code\Cube</Filter>
    </ClCompile>
    <ClCompile Include="..\Code\DirectX12\DDSTextureLoader\DDSTextureLoader12.cpp">
      <Filter>Code\DirectX\DDSTextureLoader</Filter>
    </ClCompile>
    <ClCompile Include="..\Code\GameObject\EvilBear\EvilBear.cpp">
      <Filter>Code\GameObject\EvilBear</Filter>
    </ClCompile>
    <ClCompile Include="..\Code\GameObject\Item\Item.cpp">
      <Filter>Code\GameObject\Item</Filter>
    </ClCompile>
    <ClCompile Include="..\Code\Mesh\Mesh.cpp">
      <Filter>Code\Mesh</Filter>
    </ClCompile>
    <ClCompile Include="..\Code\Material\Material.cpp">
      <Filter>Code\Material</Filter>
    </ClCompile>
    <ClCompile Include="..\Code\GameObject\SkyBox\SkyBox.cpp">
      <Filter>Code\GameObject\SkyBox</Filter>
    </ClCompile>
    <ClCompile Include="..\Code\Stdafx\Stdafx.cpp">
      <Filter>Code\Stdafx</Filter>
    </ClCompile>
    <ClCompile Include="..\Code\Shader\Shader.cpp">
      <Filter>Code\Shader</Filter>
    </ClCompile>
    <ClCompile Include="..\Code\DirectX12\WICTextureLoader\WICTextureLoader12.cpp">
      <Filter>Code\DirectX\WICTextureLoader</Filter>
    </ClCompile>
    <ClCompile Include="..\Code\Shader\BillboardShader\UIShader\UIShader.cpp">
      <Filter>Code\Shader\BillboardShader\UIShader</Filter>
    </ClCompile>
    <ClCompile Include="..\Code\Shader\BillboardShader\SnowShader\SnowShader.cpp">
      <Filter>Code\Shader\BillboardShader\SnowShader</Filter>
    </ClCompile>
    <ClCompile Include="..\Code\ShaderManager\ShaderManager.cpp">
      <Filter>Code\ShaderManager</Filter>
    </ClCompile>
    <ClCompile Include="..\Code\Shader\ShadowShader\ShadowShader.cpp">
      <Filter>Code\Shader\ShadowShader</Filter>
    </ClCompile>
    <ClCompile Include="..\Code\Shader\BillboardShader\LampParticleShader\LampParticleShader.cpp">
      <Filter>Code\Shader\BillboardShader\LampParticleShader</Filter>
    </ClCompile>
    <ClCompile Include="..\Code\Scene\Scene.cpp">
      <Filter>Code\Scene</Filter>
    </ClCompile>
    <ClCompile Include="..\Code\Texture\Texture.cpp">
      <Filter>Code\Texture</Filter>
    </ClCompile>
    <ClCompile Include="..\Code\Shader\SkyBoxShader\SkyBoxShader.cpp">
      <Filter>Code\Shader\SkyBoxShader</Filter>
    </ClCompile>
    <ClCompile Include="..\Code\Shader\TerrainShader\TerrainShader.cpp">
      <Filter>Code\Shader\TerrainShader</Filter>
    </ClCompile>
    <ClCompile Include="..\Code\Shader\StandardShader\StandardShader.cpp">
      <Filter>Code\Shader\StandardShader</Filter>
    </ClCompile>
    <ClCompile Include="..\Code\Shader\StandardShader\StandardObjectsShader\StandardObjectsShader.cpp">
      <Filter>Code\Shader\StandardShader\StandardObjectsShader</Filter>
    </ClCompile>
    <ClCompile Include="..\Code\Shader\StandardShader\SkinnedAnimationObjectsShader\SkinnedAnimationObjectsShader.cpp">
      <Filter>Code\Shader\StandardShader\SkinnedAnimationObjectsShader</Filter>
    </ClCompile>
    <ClCompile Include="..\Code\Shader\CubeParticleShader\IceParticleShader\IceParticleShader.cpp">
      <Filter>Code\Shader\CubeParticleShader</Filter>
    </ClCompile>
    <ClCompile Include="..\Code\ResourceManager\ResourceManager.cpp">
      <Filter>Code\ResourceManager</Filter>
    </ClCompile>
    <ClCompile Include="..\Code\Shader\StandardShader\ItemShader\ItemShader.cpp">
      <Filter>Code\Shader\StandardShader\ItemShader</Filter>
    </ClCompile>
    <ClCompile Include="..\Code\GameObject\Cube\IceParticle\IceCube.cpp">
      <Filter>Code\GameObject\IceCube</Filter>
    </ClCompile>
    <ClCompile Include="..\Code\GameObject\Billboard\LampParticle\LampParticle.cpp">
      <Filter>Code\GameObject\Billboard\LampParticle</Filter>
    </ClCompile>
    <ClCompile Include="..\Code\GameObject\Billboard\Snow\Snow.cpp">
      <Filter>Code\GameObject\Billboard\Snow</Filter>
    </ClCompile>
    <ClCompile Include="..\Code\GameObject\Terrain\Terrain.cpp">
      <Filter>Code\GameObject\Terrain</Filter>
    </ClCompile>
    <ClCompile Include="..\Code\GameObject\Billboard\UI\UI.cpp">
      <Filter>Code\GameObject\Billboard\UI</Filter>
    </ClCompile>
    <ClCompile Include="..\Code\GameObject\Surrounding\Surrounding.cpp">
      <Filter>Code\GameObject\Surrounding</Filter>
    </ClCompile>
    <ClCompile Include="..\Code\GameObject\Player\Player.cpp">
      <Filter>Code\GameObject\Player</Filter>
    </ClCompile>
    <ClCompile Include="..\Code\FreezeBomb.cpp">
      <Filter>Code</Filter>
    </ClCompile>
    <ClCompile Include="..\Code\Shader\BillboardShader\UIShader\ItemUIShader\ItemUIShader.cpp">
      <Filter>Code\Shader\BillboardShader\UIShader\ItemUIShader</Filter>
    </ClCompile>
    <ClCompile Include="..\Code\Shader\BillboardShader\UIShader\TimerUIShader\TimerUIShader.cpp">
      <Filter>Code\Shader\BillboardShader\UIShader\TimerUIShader</Filter>
    </ClCompile>
    <ClCompile Include="..\Code\Shader\StandardShader\MapToolShader\MapToolShader.cpp">
      <Filter>Code\Shader\StandardShader\MapToolShader</Filter>
    </ClCompile>
    <ClCompile Include="..\Code\Shader\StandardShader\StandardMapObjectShader\MapObjectShader.cpp">
      <Filter>Code\Shader\StandardShader\MapObjectShader</Filter>
    </ClCompile>
    <ClCompile Include="..\Code\Shader\PostProcessShader\ComputeShader\ComputeShader.cpp">
      <Filter>Code\Shader\ComputeShader</Filter>
    </ClCompile>
    <ClCompile Include="..\Code\Shader\PostProcessShader\CartoonShader\SobelCartoonShader.cpp">
      <Filter>Code\Shader\ComputeShader\SobelCartoonShader</Filter>
    </ClCompile>
    <ClCompile Include="..\Code\Shader\StandardShader\PlayerSkinnedShader\PlayerSkinnedShader.cpp">
      <Filter>Code\Shader\StandardShader\PlayerSkinnedShader</Filter>
    </ClCompile>
    <ClCompile Include="..\Code\GameObject\Shadow\Shadow.cpp">
      <Filter>Code\GameObject\Shadow</Filter>
    </ClCompile>
  </ItemGroup>
  <ItemGroup>
    <ClInclude Include="..\Code\Camera\Camera.h">
      <Filter>Code\Camera</Filter>
    </ClInclude>
    <ClInclude Include="..\Code\Mesh\BillboardMesh\BillboardMesh.h">
      <Filter>Code\Mesh\BillboardMesh</Filter>
    </ClInclude>
    <ClInclude Include="..\Code\Shader\BillboardShader\BillboardShader.h">
      <Filter>Code\Shader\BillboardShader</Filter>
    </ClInclude>
    <ClInclude Include="..\Code\GameObject\GameObject.h">
      <Filter>Code\GameObject</Filter>
    </ClInclude>
    <ClInclude Include="..\Code\GameFramework\GameFramework.h">
      <Filter>Code\GameFrameWork</Filter>
    </ClInclude>
    <ClInclude Include="..\Code\GameTimer\GameTimer.h">
      <Filter>Code\GameTimer</Filter>
    </ClInclude>
    <ClInclude Include="..\Code\GameObject\Billboard\Billboard.h">
      <Filter>Code\GameObject\Billboard</Filter>
    </ClInclude>
    <ClInclude Include="..\Code\Cube\Cube.h">
      <Filter>Code\Cube</Filter>
    </ClInclude>
    <ClInclude Include="..\Code\DirectX12\d3dx12.h">
      <Filter>Code\DirectX</Filter>
    </ClInclude>
    <ClInclude Include="..\Code\DirectX12\DDSTextureLoader\DDSTextureLoader12.h">
      <Filter>Code\DirectX\DDSTextureLoader</Filter>
    </ClInclude>
    <ClInclude Include="..\Code\GameObject\EvilBear\EvilBear.h">
      <Filter>Code\GameObject\EvilBear</Filter>
    </ClInclude>
    <ClInclude Include="..\Code\GameObject\Item\Item.h">
      <Filter>Code\GameObject\Item</Filter>
    </ClInclude>
    <ClInclude Include="..\Code\Mesh\Mesh.h">
      <Filter>Code\Mesh</Filter>
    </ClInclude>
    <ClInclude Include="..\Code\Material\Material.h">
      <Filter>Code\Material</Filter>
    </ClInclude>
    <ClInclude Include="..\Code\GameObject\SkyBox\SkyBox.h">
      <Filter>Code\GameObject\SkyBox</Filter>
    </ClInclude>
    <ClInclude Include="..\Code\Stdafx\Stdafx.h">
      <Filter>Code\Stdafx</Filter>
    </ClInclude>
    <ClInclude Include="..\Code\DirectX12\WICTextureLoader\WICTextureLoader12.h">
      <Filter>Code\DirectX\WICTextureLoader</Filter>
    </ClInclude>
    <ClInclude Include="..\Code\Shader\BillboardShader\UIShader\UIShader.h">
      <Filter>Code\Shader\BillboardShader\UIShader</Filter>
    </ClInclude>
    <ClInclude Include="..\Code\Shader\BillboardShader\SnowShader\SnowShader.h">
      <Filter>Code\Shader\BillboardShader\SnowShader</Filter>
    </ClInclude>
    <ClInclude Include="..\Code\ShaderManager\ShaderManager.h">
      <Filter>Code\ShaderManager</Filter>
    </ClInclude>
    <ClInclude Include="..\Code\Shader\ShadowShader\ShadowShader.h">
      <Filter>Code\Shader\ShadowShader</Filter>
    </ClInclude>
    <ClInclude Include="..\Code\Shader\BillboardShader\LampParticleShader\LampParticleShader.h">
      <Filter>Code\Shader\BillboardShader\LampParticleShader</Filter>
    </ClInclude>
    <ClInclude Include="..\Code\Scene\Scene.h">
      <Filter>Code\Scene</Filter>
    </ClInclude>
    <ClInclude Include="..\Code\Texture\Texture.h">
      <Filter>Code\Texture</Filter>
    </ClInclude>
    <ClInclude Include="..\Code\Shader\SkyBoxShader\SkyBoxShader.h">
      <Filter>Code\Shader\SkyBoxShader</Filter>
    </ClInclude>
    <ClInclude Include="..\Code\Shader\TerrainShader\TerrainShader.h">
      <Filter>Code\Shader\TerrainShader</Filter>
    </ClInclude>
    <ClInclude Include="..\Code\Shader\StandardShader\StandardShader.h">
      <Filter>Code\Shader\StandardShader</Filter>
    </ClInclude>
    <ClInclude Include="..\Code\Shader\StandardShader\StandardObjectsShader\StandardObjectsShader.h">
      <Filter>Code\Shader\StandardShader\StandardObjectsShader</Filter>
    </ClInclude>
    <ClInclude Include="..\Code\Shader\StandardShader\SkinnedAnimationObjectsShader\SkinnedAnimationObjectsShader.h">
      <Filter>Code\Shader\StandardShader\SkinnedAnimationObjectsShader</Filter>
    </ClInclude>
    <ClInclude Include="..\Code\Shader\CubeParticleShader\IceParticleShader\IceParticleShader.h">
      <Filter>Code\Shader\CubeParticleShader</Filter>
    </ClInclude>
    <ClInclude Include="..\Code\ResourceManager\ResourceManager.h">
      <Filter>Code\ResourceManager</Filter>
    </ClInclude>
    <ClInclude Include="..\Code\Shader\StandardShader\ItemShader\ItemShader.h">
      <Filter>Code\Shader\StandardShader\ItemShader</Filter>
    </ClInclude>
    <ClInclude Include="..\Code\GameObject\Cube\IceParticle\IceCube.h">
      <Filter>Code\GameObject\IceCube</Filter>
    </ClInclude>
    <ClInclude Include="..\Code\GameObject\Billboard\LampParticle\LampParticle.h">
      <Filter>Code\GameObject\Billboard\LampParticle</Filter>
    </ClInclude>
    <ClInclude Include="..\Code\GameObject\Billboard\Snow\Snow.h">
      <Filter>Code\GameObject\Billboard\Snow</Filter>
    </ClInclude>
    <ClInclude Include="..\Code\GameObject\Terrain\Terrain.h">
      <Filter>Code\GameObject\Terrain</Filter>
    </ClInclude>
    <ClInclude Include="..\Code\GameObject\Billboard\UI\UI.h">
      <Filter>Code\GameObject\Billboard\UI</Filter>
    </ClInclude>
    <ClInclude Include="..\Code\GameObject\Surrounding\Surrounding.h">
      <Filter>Code\GameObject\Surrounding</Filter>
    </ClInclude>
    <ClInclude Include="..\Code\GameObject\Player\Player.h">
      <Filter>Code\GameObject\Player</Filter>
    </ClInclude>
    <ClInclude Include="..\Code\Default\Resource.h">
      <Filter>Code\Default</Filter>
    </ClInclude>
    <ClInclude Include="..\Code\Default\targetver.h">
      <Filter>Code\Default</Filter>
    </ClInclude>
    <ClInclude Include="..\Code\Shader\Shader.h">
      <Filter>Code\Shader</Filter>
    </ClInclude>
    <ClInclude Include="..\Code\Shader\BillboardShader\UIShader\ItemUIShader\ItemUIShader.h">
      <Filter>Code\Shader\BillboardShader\UIShader\ItemUIShader</Filter>
    </ClInclude>
    <ClInclude Include="..\Code\Shader\BillboardShader\UIShader\TimerUIShader\TimerUIShader.h">
      <Filter>Code\Shader\BillboardShader\UIShader\TimerUIShader</Filter>
    </ClInclude>
    <ClInclude Include="..\Code\Shader\StandardShader\MapToolShader\MapToolShader.h">
      <Filter>Code\Shader\StandardShader\MapToolShader</Filter>
    </ClInclude>
    <ClInclude Include="..\Code\Shader\StandardShader\StandardMapObjectShader\MapObjectShader.h">
      <Filter>Code\Shader\StandardShader\MapObjectShader</Filter>
    </ClInclude>
    <ClInclude Include="..\Code\Shader\PostProcessShader\ComputeShader\ComputeShader.h">
      <Filter>Code\Shader\ComputeShader</Filter>
    </ClInclude>
    <ClInclude Include="..\Code\Shader\PostProcessShader\CartoonShader\SobelCartoonShader.h">
      <Filter>Code\Shader\ComputeShader\SobelCartoonShader</Filter>
    </ClInclude>
    <ClInclude Include="..\Code\Shader\StandardShader\PlayerSkinnedShader\PlayerSkinnedShader.h">
      <Filter>Code\Shader\StandardShader\PlayerSkinnedShader</Filter>
    </ClInclude>
    <ClInclude Include="..\Code\GameObject\Shadow\Shadow.h">
      <Filter>Code\GameObject\Shadow</Filter>
    </ClInclude>
  </ItemGroup>
  <ItemGroup>
    <Image Include="small.ico">
      <Filter>Code\Default\Resource</Filter>
    </Image>
    <Image Include="FreezeBomb.ico">
      <Filter>Code\Default\Resource</Filter>
    </Image>
  </ItemGroup>
  <ItemGroup>
    <Filter Include="Code">
      <UniqueIdentifier>{35396da8-bcb4-49bf-bd74-7989230c4092}</UniqueIdentifier>
    </Filter>
    <Filter Include="Code\GameFrameWork">
      <UniqueIdentifier>{f6ca074a-97bf-4580-897a-931681a8e1bd}</UniqueIdentifier>
    </Filter>
    <Filter Include="Code\Mesh">
      <UniqueIdentifier>{9b393e96-4417-4ae9-95e3-d6b8140d29ab}</UniqueIdentifier>
    </Filter>
    <Filter Include="Code\GameObject">
      <UniqueIdentifier>{ff3ffbeb-b73e-42d0-abd5-63e6fb0b490e}</UniqueIdentifier>
    </Filter>
    <Filter Include="Code\GameTimer">
      <UniqueIdentifier>{0f698cc3-d55c-416f-ade4-1cb3de7e1aa6}</UniqueIdentifier>
    </Filter>
    <Filter Include="Code\Camera">
      <UniqueIdentifier>{bdeedc2e-c569-4eb5-8857-c3f72611d594}</UniqueIdentifier>
    </Filter>
    <Filter Include="Code\Texture">
      <UniqueIdentifier>{2a99afa2-73c3-4697-bf5c-acc38b9baaa9}</UniqueIdentifier>
    </Filter>
    <Filter Include="Code\Material">
      <UniqueIdentifier>{802d8be0-9a44-46f9-ac3a-4b743b7f526e}</UniqueIdentifier>
    </Filter>
    <Filter Include="Code\ResourceManager">
      <UniqueIdentifier>{f5ace338-d81a-4fbd-88cb-c7ee30763f4a}</UniqueIdentifier>
    </Filter>
    <Filter Include="Code\ShaderManager">
      <UniqueIdentifier>{e616acf8-173d-42a0-937d-b6375ff68683}</UniqueIdentifier>
    </Filter>
    <Filter Include="Code\Shader">
      <UniqueIdentifier>{4c2abcee-71c6-4a06-9d12-6f7ddb1def36}</UniqueIdentifier>
    </Filter>
    <Filter Include="Code\Stdafx">
      <UniqueIdentifier>{414e4748-1faa-44ba-a157-684aa1249c1b}</UniqueIdentifier>
    </Filter>
    <Filter Include="Code\Default">
      <UniqueIdentifier>{bc5e2b5b-83ce-4641-90e9-74affb934db4}</UniqueIdentifier>
    </Filter>
    <Filter Include="Code\Shader\StandardShader">
      <UniqueIdentifier>{9067a751-803d-4d43-9b26-cb5f01db8579}</UniqueIdentifier>
    </Filter>
    <Filter Include="Code\Shader\TerrainShader">
      <UniqueIdentifier>{7b0a77e7-f670-4021-be2d-19b6c546ff01}</UniqueIdentifier>
    </Filter>
    <Filter Include="Code\Shader\SkyBoxShader">
      <UniqueIdentifier>{206cd247-0c57-47a1-9272-f985a023400b}</UniqueIdentifier>
    </Filter>
    <Filter Include="Code\Shader\HLSL">
      <UniqueIdentifier>{51cce8cf-6449-4981-a478-4463f2103d48}</UniqueIdentifier>
    </Filter>
    <Filter Include="Code\Shader\BillboardShader">
      <UniqueIdentifier>{5276bd61-7ba0-49dc-9a14-b6d5c75f953d}</UniqueIdentifier>
    </Filter>
    <Filter Include="Code\Shader\CubeParticleShader">
      <UniqueIdentifier>{97e2bf61-6c0b-4c25-9297-79218a335fd4}</UniqueIdentifier>
    </Filter>
    <Filter Include="Code\Shader\BillboardShader\LampParticleShader">
      <UniqueIdentifier>{4162547e-c4b4-47b4-ab35-601fbdaae69f}</UniqueIdentifier>
    </Filter>
    <Filter Include="Code\Shader\BillboardShader\SnowShader">
      <UniqueIdentifier>{dd45b974-450f-4ef2-b084-743ccd0a0011}</UniqueIdentifier>
    </Filter>
    <Filter Include="Code\Shader\BillboardShader\UIShader">
      <UniqueIdentifier>{f05f1214-142f-4808-82f0-7b7ef66ca09c}</UniqueIdentifier>
    </Filter>
    <Filter Include="Code\Mesh\BillboardMesh">
      <UniqueIdentifier>{b65f6c1f-77c5-4622-a15f-08ca235ac91b}</UniqueIdentifier>
    </Filter>
    <Filter Include="Code\GameObject\Billboard">
      <UniqueIdentifier>{234a0edf-784c-4fc1-a4ce-e136a4adc187}</UniqueIdentifier>
    </Filter>
    <Filter Include="Code\Cube">
      <UniqueIdentifier>{501d02d4-206c-43b2-b870-17bac6187e03}</UniqueIdentifier>
    </Filter>
    <Filter Include="Code\DirectX">
      <UniqueIdentifier>{83129f93-d2d0-46f2-acd9-9316b54ccd11}</UniqueIdentifier>
    </Filter>
    <Filter Include="Code\DirectX\DDSTextureLoader">
      <UniqueIdentifier>{f9fb39a4-20a1-4488-af68-d65bbd6b9603}</UniqueIdentifier>
    </Filter>
    <Filter Include="Code\DirectX\WICTextureLoader">
      <UniqueIdentifier>{a1fd3b4d-15c3-4a27-96ea-41cbacdbd570}</UniqueIdentifier>
    </Filter>
    <Filter Include="Code\GameObject\Item">
      <UniqueIdentifier>{12826b99-9b30-4d50-a5d9-2cfbcabbd9cc}</UniqueIdentifier>
    </Filter>
    <Filter Include="Code\GameObject\EvilBear">
      <UniqueIdentifier>{b40907f2-e041-44e0-a3d2-155b4d916981}</UniqueIdentifier>
    </Filter>
    <Filter Include="Code\GameObject\SkyBox">
      <UniqueIdentifier>{53ff65e5-b42f-4bb8-a19e-600db130c513}</UniqueIdentifier>
    </Filter>
    <Filter Include="Code\GameObject\Terrain">
      <UniqueIdentifier>{89ea758f-46ba-41ef-aa18-c2eb6e6f5309}</UniqueIdentifier>
    </Filter>
    <Filter Include="Code\Shader\ShadowShader">
      <UniqueIdentifier>{797f8eac-08ec-49b0-bc8d-b59016b35e28}</UniqueIdentifier>
    </Filter>
    <Filter Include="Code\Scene">
      <UniqueIdentifier>{c250057d-c5e7-49f9-b7c7-8f7b2f6f8001}</UniqueIdentifier>
    </Filter>
    <Filter Include="Code\Shader\StandardShader\StandardObjectsShader">
      <UniqueIdentifier>{139c9385-69fa-492a-b94d-b345e8d3b486}</UniqueIdentifier>
    </Filter>
    <Filter Include="Code\Shader\StandardShader\SkinnedAnimationObjectsShader">
      <UniqueIdentifier>{70786e25-7d14-43f4-8df2-c9e70117d77e}</UniqueIdentifier>
    </Filter>
    <Filter Include="Code\GameObject\IceCube">
      <UniqueIdentifier>{6923770d-d22e-4787-9024-798ed53a93b3}</UniqueIdentifier>
    </Filter>
    <Filter Include="Code\Shader\StandardShader\ItemShader">
      <UniqueIdentifier>{3cae2560-9d99-4883-be38-6283d8d14075}</UniqueIdentifier>
    </Filter>
    <Filter Include="Code\GameObject\Player">
      <UniqueIdentifier>{300b68a8-2ba7-44de-add9-41298c785036}</UniqueIdentifier>
    </Filter>
    <Filter Include="Code\GameObject\Billboard\LampParticle">
      <UniqueIdentifier>{c1c3299a-20e1-4bf1-b2d9-5053dca22d2a}</UniqueIdentifier>
    </Filter>
    <Filter Include="Code\GameObject\Billboard\Snow">
      <UniqueIdentifier>{63a73495-a96b-43c7-9dc4-b400a53a5149}</UniqueIdentifier>
    </Filter>
    <Filter Include="Code\GameObject\Billboard\UI">
      <UniqueIdentifier>{85a40684-a6fc-40ce-978b-9ee30830f3bb}</UniqueIdentifier>
    </Filter>
    <Filter Include="Code\GameObject\Surrounding">
      <UniqueIdentifier>{67aaf2b2-9056-4a3f-8236-89eabc16faa0}</UniqueIdentifier>
    </Filter>
    <Filter Include="Code\Shader\StandardShader\MapToolShader">
      <UniqueIdentifier>{70ac25c7-8d48-4f66-9307-6ea5d99560d1}</UniqueIdentifier>
    </Filter>
    <Filter Include="Code\Default\Resource">
      <UniqueIdentifier>{9e110815-d2eb-4236-9775-0c2621579ebb}</UniqueIdentifier>
    </Filter>
    <Filter Include="Code\Shader\BillboardShader\UIShader\ItemUIShader">
      <UniqueIdentifier>{81aa17cb-ae31-4f59-a893-a603ac7c50ce}</UniqueIdentifier>
    </Filter>
    <Filter Include="Code\Shader\BillboardShader\UIShader\TimerUIShader">
      <UniqueIdentifier>{5b22cc38-0f6a-4296-a438-21d83d984888}</UniqueIdentifier>
    </Filter>
    <Filter Include="Code\Shader\StandardShader\MapObjectShader">
      <UniqueIdentifier>{8906eb79-67e6-4aa3-a1ba-122853d70ed8}</UniqueIdentifier>
    </Filter>
    <Filter Include="Code\Shader\ComputeShader">
      <UniqueIdentifier>{44a0d9bf-0fc4-4f5d-ade8-0f2b406642ef}</UniqueIdentifier>
    </Filter>
    <Filter Include="Code\Shader\ComputeShader\SobelCartoonShader">
      <UniqueIdentifier>{203a2fe4-ad37-41ff-8cd0-1bdfc5546cc7}</UniqueIdentifier>
    </Filter>
    <Filter Include="Code\Shader\StandardShader\PlayerSkinnedShader">
      <UniqueIdentifier>{abf594bf-9a0e-46af-aef9-b9b86e3a28d8}</UniqueIdentifier>
    </Filter>
    <Filter Include="Code\GameObject\Shadow">
      <UniqueIdentifier>{a5710e34-5a27-49c6-b1aa-182e574c7056}</UniqueIdentifier>
    </Filter>
  </ItemGroup>
  <ItemGroup>
    <ResourceCompile Include="FreezeBomb.rc">
      <Filter>Code\Default\Resource</Filter>
    </ResourceCompile>
  </ItemGroup>
</Project>